// !$*UTF8*$!
{
	archiveVersion = 1;
	classes = {
	};
	objectVersion = 77;
	objects = {

/* Begin PBXBuildFile section */
		D2188B542F9025F8006B7710 /* SettingsManager.swift in Sources */ = {isa = PBXBuildFile; fileRef = D2188B532F9025F8006B7710 /* SettingsManager.swift */; };
		D27770062F79BB06007CCDDA /* NewSettingsView.swift in Sources */ = {isa = PBXBuildFile; fileRef = D27770052F79BB06007CCDDA /* NewSettingsView.swift */; };
		D27770092F79BC18007CCDDA /* SettingsViewModel.swift in Sources */ = {isa = PBXBuildFile; fileRef = D27770082F79BC18007CCDDA /* SettingsViewModel.swift */; };
		D277700B2F79BCB8007CCDDA /* FavouriteSupermarketManager.swift in Sources */ = {isa = PBXBuildFile; fileRef = D277700A2F79BCB8007CCDDA /* FavouriteSupermarketManager.swift */; };
		D277700E2F7C0AF8007CCDDA /* SettingsNavigationRow.swift in Sources */ = {isa = PBXBuildFile; fileRef = D277700D2F7C0AF8007CCDDA /* SettingsNavigationRow.swift */; };
		D27770102F7C0BAF007CCDDA /* SettingsIconCircle.swift in Sources */ = {isa = PBXBuildFile; fileRef = D277700F2F7C0BAF007CCDDA /* SettingsIconCircle.swift */; };
		D27770122F7C0CB9007CCDDA /* RowTitle.swift in Sources */ = {isa = PBXBuildFile; fileRef = D27770112F7C0CB9007CCDDA /* RowTitle.swift */; };
		D27770182F7C10CE007CCDDA /* SupermarketSettingsView.swift in Sources */ = {isa = PBXBuildFile; fileRef = D27770172F7C10CE007CCDDA /* SupermarketSettingsView.swift */; };
		D28F2BC52F7EB5A100E37D85 /* RadiusPickerView.swift in Sources */ = {isa = PBXBuildFile; fileRef = D28F2BC42F7EB5A100E37D85 /* RadiusPickerView.swift */; };
		D28F2BC72F7EB74700E37D85 /* PausePickerView.swift in Sources */ = {isa = PBXBuildFile; fileRef = D28F2BC62F7EB74700E37D85 /* PausePickerView.swift */; };
		D28F2BC92F7EBD9F00E37D85 /* SupermarketsMapView.swift in Sources */ = {isa = PBXBuildFile; fileRef = D28F2BC82F7EBD9F00E37D85 /* SupermarketsMapView.swift */; };
		D28F2BCC2F7EBDF300E37D85 /* SupermarketsMapViewModel.swift in Sources */ = {isa = PBXBuildFile; fileRef = D28F2BCB2F7EBDF300E37D85 /* SupermarketsMapViewModel.swift */; };
		D28F2BCE2F7ECBA600E37D85 /* SupermarketSelectionCard.swift in Sources */ = {isa = PBXBuildFile; fileRef = D28F2BCD2F7ECBA600E37D85 /* SupermarketSelectionCard.swift */; };
		D28F2BD02F7ECF1700E37D85 /* SupermarketSettingsViewModel.swift in Sources */ = {isa = PBXBuildFile; fileRef = D28F2BCF2F7ECF1700E37D85 /* SupermarketSettingsViewModel.swift */; };
		D29C09452F868F7D0015749B /* SelectEntryTypeView.swift in Sources */ = {isa = PBXBuildFile; fileRef = D29C09382F868F7D0015749B /* SelectEntryTypeView.swift */; };
		D29C094E2F86922D0015749B /* EntryTypeButton.swift in Sources */ = {isa = PBXBuildFile; fileRef = D29C094D2F86922D0015749B /* EntryTypeButton.swift */; };
		D2A316B32F911F80004CB336 /* ShoppingListSettingsView.swift in Sources */ = {isa = PBXBuildFile; fileRef = D2A316B12F911F80004CB336 /* ShoppingListSettingsView.swift */; };
		D2A844BB2F844E6500D5BB2B /* SwipeToDeleteRow.swift in Sources */ = {isa = PBXBuildFile; fileRef = D2A844BA2F844E6500D5BB2B /* SwipeToDeleteRow.swift */; };
		D2F85ABA2F901E9B008CB872 /* JournalSettings.swift in Sources */ = {isa = PBXBuildFile; fileRef = D2F85AB92F901E9B008CB872 /* JournalSettings.swift */; };
/* End PBXBuildFile section */

/* Begin PBXContainerItemProxy section */
		D23CBCC32E635A70007F5B0A /* PBXContainerItemProxy */ = {
			isa = PBXContainerItemProxy;
			containerPortal = D23CBCA82E635A6D007F5B0A /* Project object */;
			proxyType = 1;
			remoteGlobalIDString = D23CBCAF2E635A6D007F5B0A;
			remoteInfo = DoItAll;
		};
		D23CBCCD2E635A70007F5B0A /* PBXContainerItemProxy */ = {
			isa = PBXContainerItemProxy;
			containerPortal = D23CBCA82E635A6D007F5B0A /* Project object */;
			proxyType = 1;
			remoteGlobalIDString = D23CBCAF2E635A6D007F5B0A;
			remoteInfo = DoItAll;
		};
/* End PBXContainerItemProxy section */

/* Begin PBXFileReference section */
		D2188B532F9025F8006B7710 /* SettingsManager.swift */ = {isa = PBXFileReference; lastKnownFileType = sourcecode.swift; path = SettingsManager.swift; sourceTree = "<group>"; };
		D23CBCB02E635A6E007F5B0A /* DoItAll.app */ = {isa = PBXFileReference; explicitFileType = wrapper.application; includeInIndex = 0; path = DoItAll.app; sourceTree = BUILT_PRODUCTS_DIR; };
		D23CBCC22E635A70007F5B0A /* DoItAllTests.xctest */ = {isa = PBXFileReference; explicitFileType = wrapper.cfbundle; includeInIndex = 0; path = DoItAllTests.xctest; sourceTree = BUILT_PRODUCTS_DIR; };
		D23CBCCC2E635A70007F5B0A /* DoItAllUITests.xctest */ = {isa = PBXFileReference; explicitFileType = wrapper.cfbundle; includeInIndex = 0; path = DoItAllUITests.xctest; sourceTree = BUILT_PRODUCTS_DIR; };
		D27770052F79BB06007CCDDA /* NewSettingsView.swift */ = {isa = PBXFileReference; lastKnownFileType = sourcecode.swift; path = NewSettingsView.swift; sourceTree = "<group>"; };
		D27770082F79BC18007CCDDA /* SettingsViewModel.swift */ = {isa = PBXFileReference; lastKnownFileType = sourcecode.swift; path = SettingsViewModel.swift; sourceTree = "<group>"; };
		D277700A2F79BCB8007CCDDA /* FavouriteSupermarketManager.swift */ = {isa = PBXFileReference; lastKnownFileType = sourcecode.swift; path = FavouriteSupermarketManager.swift; sourceTree = "<group>"; };
		D277700D2F7C0AF8007CCDDA /* SettingsNavigationRow.swift */ = {isa = PBXFileReference; lastKnownFileType = sourcecode.swift; path = SettingsNavigationRow.swift; sourceTree = "<group>"; };
		D277700F2F7C0BAF007CCDDA /* SettingsIconCircle.swift */ = {isa = PBXFileReference; lastKnownFileType = sourcecode.swift; path = SettingsIconCircle.swift; sourceTree = "<group>"; };
		D27770112F7C0CB9007CCDDA /* RowTitle.swift */ = {isa = PBXFileReference; lastKnownFileType = sourcecode.swift; path = RowTitle.swift; sourceTree = "<group>"; };
		D27770172F7C10CE007CCDDA /* SupermarketSettingsView.swift */ = {isa = PBXFileReference; lastKnownFileType = sourcecode.swift; path = SupermarketSettingsView.swift; sourceTree = "<group>"; };
		D28F2BC42F7EB5A100E37D85 /* RadiusPickerView.swift */ = {isa = PBXFileReference; lastKnownFileType = sourcecode.swift; path = RadiusPickerView.swift; sourceTree = "<group>"; };
		D28F2BC62F7EB74700E37D85 /* PausePickerView.swift */ = {isa = PBXFileReference; lastKnownFileType = sourcecode.swift; path = PausePickerView.swift; sourceTree = "<group>"; };
		D28F2BC82F7EBD9F00E37D85 /* SupermarketsMapView.swift */ = {isa = PBXFileReference; lastKnownFileType = sourcecode.swift; path = SupermarketsMapView.swift; sourceTree = "<group>"; };
		D28F2BCB2F7EBDF300E37D85 /* SupermarketsMapViewModel.swift */ = {isa = PBXFileReference; lastKnownFileType = sourcecode.swift; path = SupermarketsMapViewModel.swift; sourceTree = "<group>"; };
		D28F2BCD2F7ECBA600E37D85 /* SupermarketSelectionCard.swift */ = {isa = PBXFileReference; lastKnownFileType = sourcecode.swift; path = SupermarketSelectionCard.swift; sourceTree = "<group>"; };
		D28F2BCF2F7ECF1700E37D85 /* SupermarketSettingsViewModel.swift */ = {isa = PBXFileReference; lastKnownFileType = sourcecode.swift; path = SupermarketSettingsViewModel.swift; sourceTree = "<group>"; };
		D29C09382F868F7D0015749B /* SelectEntryTypeView.swift */ = {isa = PBXFileReference; lastKnownFileType = sourcecode.swift; path = SelectEntryTypeView.swift; sourceTree = "<group>"; };
		D29C094D2F86922D0015749B /* EntryTypeButton.swift */ = {isa = PBXFileReference; lastKnownFileType = sourcecode.swift; path = EntryTypeButton.swift; sourceTree = "<group>"; };
		D2A316B12F911F80004CB336 /* ShoppingListSettingsView.swift */ = {isa = PBXFileReference; lastKnownFileType = sourcecode.swift; path = ShoppingListSettingsView.swift; sourceTree = "<group>"; };
		D2A844BA2F844E6500D5BB2B /* SwipeToDeleteRow.swift */ = {isa = PBXFileReference; lastKnownFileType = sourcecode.swift; path = SwipeToDeleteRow.swift; sourceTree = "<group>"; };
		D2F85AB92F901E9B008CB872 /* JournalSettings.swift */ = {isa = PBXFileReference; lastKnownFileType = sourcecode.swift; path = JournalSettings.swift; sourceTree = "<group>"; };
/* End PBXFileReference section */

/* Begin PBXFileSystemSynchronizedBuildFileExceptionSet section */
		D2A844B12F82C3E000D5BB2B /* Exceptions for "DoItAll" folder in "DoItAll" target */ = {
			isa = PBXFileSystemSynchronizedBuildFileExceptionSet;
			membershipExceptions = (
				Info.plist,
			);
			target = D23CBCAF2E635A6D007F5B0A /* DoItAll */;
		};
/* End PBXFileSystemSynchronizedBuildFileExceptionSet section */

/* Begin PBXFileSystemSynchronizedRootGroup section */
		D23CBCB22E635A6E007F5B0A /* DoItAll */ = {
			isa = PBXFileSystemSynchronizedRootGroup;
			exceptions = (
				D2A844B12F82C3E000D5BB2B /* Exceptions for "DoItAll" folder in "DoItAll" target */,
			);
			path = DoItAll;
			sourceTree = "<group>";
		};
		D23CBCC52E635A70007F5B0A /* DoItAllTests */ = {
			isa = PBXFileSystemSynchronizedRootGroup;
			path = DoItAllTests;
			sourceTree = "<group>";
		};
		D23CBCCF2E635A70007F5B0A /* DoItAllUITests */ = {
			isa = PBXFileSystemSynchronizedRootGroup;
			path = DoItAllUITests;
			sourceTree = "<group>";
		};
		D25A55352F3E212B00BEC4A3 /* FreeForm */ = {
			isa = PBXFileSystemSynchronizedRootGroup;
			path = FreeForm;
			sourceTree = "<group>";
		};
		D25A55382F3E256F00BEC4A3 /* LifeAdmin */ = {
			isa = PBXFileSystemSynchronizedRootGroup;
			path = LifeAdmin;
			sourceTree = "<group>";
		};
		D25A554B2F3E3E6100BEC4A3 /* CommonUI */ = {
			isa = PBXFileSystemSynchronizedRootGroup;
			path = CommonUI;
			sourceTree = "<group>";
		};
		D26D483B2F43553A009575A7 /* GeneralList */ = {
			isa = PBXFileSystemSynchronizedRootGroup;
			path = GeneralList;
			sourceTree = "<group>";
		};
		D26D48482F438A74009575A7 /* DisplayEntryView */ = {
			isa = PBXFileSystemSynchronizedRootGroup;
			path = DisplayEntryView;
			sourceTree = "<group>";
		};
		D28C51882E6C9A7C00B65946 /* Resources */ = {
			isa = PBXFileSystemSynchronizedRootGroup;
			path = Resources;
			sourceTree = "<group>";
		};
		D29930D92F59DF5C00624DCE /* Onboarding */ = {
			isa = PBXFileSystemSynchronizedRootGroup;
			path = Onboarding;
			sourceTree = "<group>";
		};
		D29E22D62E63651900000F8A /* Journal */ = {
			isa = PBXFileSystemSynchronizedRootGroup;
			path = Journal;
			sourceTree = "<group>";
		};
		D29E22D72E63652400000F8A /* Shopping List */ = {
			isa = PBXFileSystemSynchronizedRootGroup;
			path = "Shopping List";
			sourceTree = "<group>";
		};
		D29E22D82E63653E00000F8A /* Scribble */ = {
			isa = PBXFileSystemSynchronizedRootGroup;
			path = Scribble;
			sourceTree = "<group>";
		};
		D2D1B9982F742E12003A18BF /* Extensions */ = {
			isa = PBXFileSystemSynchronizedRootGroup;
			path = Extensions;
			sourceTree = "<group>";
		};
		D2D1B99D2F7430A6003A18BF /* Models */ = {
			isa = PBXFileSystemSynchronizedRootGroup;
			path = Models;
			sourceTree = "<group>";
		};
		D2D1B9A92F7444FF003A18BF /* ThemeManager */ = {
			isa = PBXFileSystemSynchronizedRootGroup;
			path = ThemeManager;
			sourceTree = "<group>";
		};
/* End PBXFileSystemSynchronizedRootGroup section */

/* Begin PBXFrameworksBuildPhase section */
		D23CBCAD2E635A6D007F5B0A /* Frameworks */ = {
			isa = PBXFrameworksBuildPhase;
			buildActionMask = 2147483647;
			files = (
			);
			runOnlyForDeploymentPostprocessing = 0;
		};
		D23CBCBF2E635A70007F5B0A /* Frameworks */ = {
			isa = PBXFrameworksBuildPhase;
			buildActionMask = 2147483647;
			files = (
			);
			runOnlyForDeploymentPostprocessing = 0;
		};
		D23CBCC92E635A70007F5B0A /* Frameworks */ = {
			isa = PBXFrameworksBuildPhase;
			buildActionMask = 2147483647;
			files = (
			);
			runOnlyForDeploymentPostprocessing = 0;
		};
/* End PBXFrameworksBuildPhase section */

/* Begin PBXGroup section */
		D23CBCA72E635A6D007F5B0A = {
			isa = PBXGroup;
			children = (
				D27770042F79BAF1007CCDDA /* ContentSettings */,
				D2D1B9A92F7444FF003A18BF /* ThemeManager */,
				D2D1B99D2F7430A6003A18BF /* Models */,
				D2D1B9982F742E12003A18BF /* Extensions */,
				D29930D92F59DF5C00624DCE /* Onboarding */,
				D26D48482F438A74009575A7 /* DisplayEntryView */,
				D26D483B2F43553A009575A7 /* GeneralList */,
				D25A554B2F3E3E6100BEC4A3 /* CommonUI */,
				D25A55382F3E256F00BEC4A3 /* LifeAdmin */,
				D25A55352F3E212B00BEC4A3 /* FreeForm */,
				D28C51882E6C9A7C00B65946 /* Resources */,
				D29E22D82E63653E00000F8A /* Scribble */,
				D29E22D72E63652400000F8A /* Shopping List */,
				D29E22D62E63651900000F8A /* Journal */,
				D23CBCB22E635A6E007F5B0A /* DoItAll */,
				D23CBCC52E635A70007F5B0A /* DoItAllTests */,
				D23CBCCF2E635A70007F5B0A /* DoItAllUITests */,
				D23CBCB12E635A6E007F5B0A /* Products */,
			);
			sourceTree = "<group>";
		};
		D23CBCB12E635A6E007F5B0A /* Products */ = {
			isa = PBXGroup;
			children = (
				D23CBCB02E635A6E007F5B0A /* DoItAll.app */,
				D23CBCC22E635A70007F5B0A /* DoItAllTests.xctest */,
				D23CBCCC2E635A70007F5B0A /* DoItAllUITests.xctest */,
			);
			name = Products;
			sourceTree = "<group>";
		};
		D27770042F79BAF1007CCDDA /* ContentSettings */ = {
			isa = PBXGroup;
			children = (
				D2A844B62F8445D800D5BB2B /* ContentView */,
				D27770162F7C1020007CCDDA /* Settings */,
				D27770072F79BBFE007CCDDA /* Supermarket */,
			);
			path = ContentSettings;
			sourceTree = "<group>";
		};
		D27770072F79BBFE007CCDDA /* Supermarket */ = {
			isa = PBXGroup;
			children = (
				D28F2BCA2F7EBDD900E37D85 /* ViewModels */,
				D27770132F7C0FE3007CCDDA /* Helpers */,
				D277700C2F7C0ADA007CCDDA /* Views */,
			);
			path = Supermarket;
			sourceTree = "<group>";
		};
		D277700C2F7C0ADA007CCDDA /* Views */ = {
			isa = PBXGroup;
			children = (
				D27770172F7C10CE007CCDDA /* SupermarketSettingsView.swift */,
				D28F2BC42F7EB5A100E37D85 /* RadiusPickerView.swift */,
				D28F2BC62F7EB74700E37D85 /* PausePickerView.swift */,
				D28F2BC82F7EBD9F00E37D85 /* SupermarketsMapView.swift */,
				D28F2BCD2F7ECBA600E37D85 /* SupermarketSelectionCard.swift */,
			);
			path = Views;
			sourceTree = "<group>";
		};
		D27770132F7C0FE3007CCDDA /* Helpers */ = {
			isa = PBXGroup;
			children = (
				D277700A2F79BCB8007CCDDA /* FavouriteSupermarketManager.swift */,
			);
			path = Helpers;
			sourceTree = "<group>";
		};
		D27770142F7C0FFF007CCDDA /* Views */ = {
			isa = PBXGroup;
			children = (
				D27770112F7C0CB9007CCDDA /* RowTitle.swift */,
				D277700F2F7C0BAF007CCDDA /* SettingsIconCircle.swift */,
				D277700D2F7C0AF8007CCDDA /* SettingsNavigationRow.swift */,
				D27770052F79BB06007CCDDA /* NewSettingsView.swift */,
				D2A316B12F911F80004CB336 /* ShoppingListSettingsView.swift */,
			);
			path = Views;
			sourceTree = "<group>";
		};
		D27770152F7C1013007CCDDA /* ViewModels */ = {
			isa = PBXGroup;
			children = (
				D27770082F79BC18007CCDDA /* SettingsViewModel.swift */,
			);
			path = ViewModels;
			sourceTree = "<group>";
		};
		D27770162F7C1020007CCDDA /* Settings */ = {
			isa = PBXGroup;
			children = (
				D2F85AB82F901E7A008CB872 /* JournalSettings */,
				D27770142F7C0FFF007CCDDA /* Views */,
				D27770152F7C1013007CCDDA /* ViewModels */,
			);
			path = Settings;
			sourceTree = "<group>";
		};
		D28F2BCA2F7EBDD900E37D85 /* ViewModels */ = {
			isa = PBXGroup;
			children = (
				D28F2BCB2F7EBDF300E37D85 /* SupermarketsMapViewModel.swift */,
				D28F2BCF2F7ECF1700E37D85 /* SupermarketSettingsViewModel.swift */,
			);
			path = ViewModels;
			sourceTree = "<group>";
		};
		D2A844B62F8445D800D5BB2B /* ContentView */ = {
			isa = PBXGroup;
			children = (
				D2A844B72F8445F000D5BB2B /* Views */,
			);
			path = ContentView;
			sourceTree = "<group>";
		};
		D2A844B72F8445F000D5BB2B /* Views */ = {
			isa = PBXGroup;
			children = (
				D29C09382F868F7D0015749B /* SelectEntryTypeView.swift */,
				D2A844BA2F844E6500D5BB2B /* SwipeToDeleteRow.swift */,
				D29C094D2F86922D0015749B /* EntryTypeButton.swift */,
			);
			path = Views;
			sourceTree = "<group>";
		};
		D2F85AB82F901E7A008CB872 /* JournalSettings */ = {
			isa = PBXGroup;
			children = (
				D2188B532F9025F8006B7710 /* SettingsManager.swift */,
				D2F85AB92F901E9B008CB872 /* JournalSettings.swift */,
			);
			path = JournalSettings;
			sourceTree = "<group>";
		};
/* End PBXGroup section */

/* Begin PBXNativeTarget section */
		D23CBCAF2E635A6D007F5B0A /* DoItAll */ = {
			isa = PBXNativeTarget;
			buildConfigurationList = D23CBCD62E635A70007F5B0A /* Build configuration list for PBXNativeTarget "DoItAll" */;
			buildPhases = (
				D23CBCAC2E635A6D007F5B0A /* Sources */,
				D23CBCAD2E635A6D007F5B0A /* Frameworks */,
				D23CBCAE2E635A6D007F5B0A /* Resources */,
			);
			buildRules = (
			);
			dependencies = (
			);
			fileSystemSynchronizedGroups = (
				D23CBCB22E635A6E007F5B0A /* DoItAll */,
				D25A55352F3E212B00BEC4A3 /* FreeForm */,
				D25A55382F3E256F00BEC4A3 /* LifeAdmin */,
				D25A554B2F3E3E6100BEC4A3 /* CommonUI */,
				D26D483B2F43553A009575A7 /* GeneralList */,
				D26D48482F438A74009575A7 /* DisplayEntryView */,
				D28C51882E6C9A7C00B65946 /* Resources */,
				D29930D92F59DF5C00624DCE /* Onboarding */,
				D29E22D62E63651900000F8A /* Journal */,
				D29E22D72E63652400000F8A /* Shopping List */,
				D29E22D82E63653E00000F8A /* Scribble */,
				D2D1B9982F742E12003A18BF /* Extensions */,
				D2D1B99D2F7430A6003A18BF /* Models */,
				D2D1B9A92F7444FF003A18BF /* ThemeManager */,
			);
			name = DoItAll;
			packageProductDependencies = (
			);
			productName = DoItAll;
			productReference = D23CBCB02E635A6E007F5B0A /* DoItAll.app */;
			productType = "com.apple.product-type.application";
		};
		D23CBCC12E635A70007F5B0A /* DoItAllTests */ = {
			isa = PBXNativeTarget;
			buildConfigurationList = D23CBCD92E635A70007F5B0A /* Build configuration list for PBXNativeTarget "DoItAllTests" */;
			buildPhases = (
				D23CBCBE2E635A70007F5B0A /* Sources */,
				D23CBCBF2E635A70007F5B0A /* Frameworks */,
				D23CBCC02E635A70007F5B0A /* Resources */,
			);
			buildRules = (
			);
			dependencies = (
				D23CBCC42E635A70007F5B0A /* PBXTargetDependency */,
			);
			fileSystemSynchronizedGroups = (
				D23CBCC52E635A70007F5B0A /* DoItAllTests */,
			);
			name = DoItAllTests;
			packageProductDependencies = (
			);
			productName = DoItAllTests;
			productReference = D23CBCC22E635A70007F5B0A /* DoItAllTests.xctest */;
			productType = "com.apple.product-type.bundle.unit-test";
		};
		D23CBCCB2E635A70007F5B0A /* DoItAllUITests */ = {
			isa = PBXNativeTarget;
			buildConfigurationList = D23CBCDC2E635A70007F5B0A /* Build configuration list for PBXNativeTarget "DoItAllUITests" */;
			buildPhases = (
				D23CBCC82E635A70007F5B0A /* Sources */,
				D23CBCC92E635A70007F5B0A /* Frameworks */,
				D23CBCCA2E635A70007F5B0A /* Resources */,
			);
			buildRules = (
			);
			dependencies = (
				D23CBCCE2E635A70007F5B0A /* PBXTargetDependency */,
			);
			fileSystemSynchronizedGroups = (
				D23CBCCF2E635A70007F5B0A /* DoItAllUITests */,
			);
			name = DoItAllUITests;
			packageProductDependencies = (
			);
			productName = DoItAllUITests;
			productReference = D23CBCCC2E635A70007F5B0A /* DoItAllUITests.xctest */;
			productType = "com.apple.product-type.bundle.ui-testing";
		};
/* End PBXNativeTarget section */

/* Begin PBXProject section */
		D23CBCA82E635A6D007F5B0A /* Project object */ = {
			isa = PBXProject;
			attributes = {
				BuildIndependentTargetsInParallel = 1;
				LastSwiftUpdateCheck = 1640;
				LastUpgradeCheck = 2640;
				TargetAttributes = {
					D23CBCAF2E635A6D007F5B0A = {
						CreatedOnToolsVersion = 16.4;
					};
					D23CBCC12E635A70007F5B0A = {
						CreatedOnToolsVersion = 16.4;
						TestTargetID = D23CBCAF2E635A6D007F5B0A;
					};
					D23CBCCB2E635A70007F5B0A = {
						CreatedOnToolsVersion = 16.4;
						TestTargetID = D23CBCAF2E635A6D007F5B0A;
					};
				};
			};
			buildConfigurationList = D23CBCAB2E635A6D007F5B0A /* Build configuration list for PBXProject "DoItAll" */;
			developmentRegion = en;
			hasScannedForEncodings = 0;
			knownRegions = (
				en,
				Base,
			);
			mainGroup = D23CBCA72E635A6D007F5B0A;
			minimizedProjectReferenceProxies = 1;
			preferredProjectObjectVersion = 77;
			productRefGroup = D23CBCB12E635A6E007F5B0A /* Products */;
			projectDirPath = "";
			projectRoot = "";
			targets = (
				D23CBCAF2E635A6D007F5B0A /* DoItAll */,
				D23CBCC12E635A70007F5B0A /* DoItAllTests */,
				D23CBCCB2E635A70007F5B0A /* DoItAllUITests */,
			);
		};
/* End PBXProject section */

/* Begin PBXResourcesBuildPhase section */
		D23CBCAE2E635A6D007F5B0A /* Resources */ = {
			isa = PBXResourcesBuildPhase;
			buildActionMask = 2147483647;
			files = (
			);
			runOnlyForDeploymentPostprocessing = 0;
		};
		D23CBCC02E635A70007F5B0A /* Resources */ = {
			isa = PBXResourcesBuildPhase;
			buildActionMask = 2147483647;
			files = (
			);
			runOnlyForDeploymentPostprocessing = 0;
		};
		D23CBCCA2E635A70007F5B0A /* Resources */ = {
			isa = PBXResourcesBuildPhase;
			buildActionMask = 2147483647;
			files = (
			);
			runOnlyForDeploymentPostprocessing = 0;
		};
/* End PBXResourcesBuildPhase section */

/* Begin PBXSourcesBuildPhase section */
		D23CBCAC2E635A6D007F5B0A /* Sources */ = {
			isa = PBXSourcesBuildPhase;
			buildActionMask = 2147483647;
			files = (
				D27770102F7C0BAF007CCDDA /* SettingsIconCircle.swift in Sources */,
				D28F2BC52F7EB5A100E37D85 /* RadiusPickerView.swift in Sources */,
				D28F2BCE2F7ECBA600E37D85 /* SupermarketSelectionCard.swift in Sources */,
				D28F2BC72F7EB74700E37D85 /* PausePickerView.swift in Sources */,
				D28F2BD02F7ECF1700E37D85 /* SupermarketSettingsViewModel.swift in Sources */,
				D28F2BCC2F7EBDF300E37D85 /* SupermarketsMapViewModel.swift in Sources */,
				D27770062F79BB06007CCDDA /* NewSettingsView.swift in Sources */,
				D27770182F7C10CE007CCDDA /* SupermarketSettingsView.swift in Sources */,
				D29C09452F868F7D0015749B /* SelectEntryTypeView.swift in Sources */,
				D29C094E2F86922D0015749B /* EntryTypeButton.swift in Sources */,
				D27770122F7C0CB9007CCDDA /* RowTitle.swift in Sources */,
				D2A316B32F911F80004CB336 /* ShoppingListSettingsView.swift in Sources */,
				D277700B2F79BCB8007CCDDA /* FavouriteSupermarketManager.swift in Sources */,
				D28F2BC92F7EBD9F00E37D85 /* SupermarketsMapView.swift in Sources */,
				D2F85ABA2F901E9B008CB872 /* JournalSettings.swift in Sources */,
				D2188B542F9025F8006B7710 /* SettingsManager.swift in Sources */,
				D277700E2F7C0AF8007CCDDA /* SettingsNavigationRow.swift in Sources */,
				D27770092F79BC18007CCDDA /* SettingsViewModel.swift in Sources */,
				D2A844BB2F844E6500D5BB2B /* SwipeToDeleteRow.swift in Sources */,
			);
			runOnlyForDeploymentPostprocessing = 0;
		};
		D23CBCBE2E635A70007F5B0A /* Sources */ = {
			isa = PBXSourcesBuildPhase;
			buildActionMask = 2147483647;
			files = (
			);
			runOnlyForDeploymentPostprocessing = 0;
		};
		D23CBCC82E635A70007F5B0A /* Sources */ = {
			isa = PBXSourcesBuildPhase;
			buildActionMask = 2147483647;
			files = (
			);
			runOnlyForDeploymentPostprocessing = 0;
		};
/* End PBXSourcesBuildPhase section */

/* Begin PBXTargetDependency section */
		D23CBCC42E635A70007F5B0A /* PBXTargetDependency */ = {
			isa = PBXTargetDependency;
			target = D23CBCAF2E635A6D007F5B0A /* DoItAll */;
			targetProxy = D23CBCC32E635A70007F5B0A /* PBXContainerItemProxy */;
		};
		D23CBCCE2E635A70007F5B0A /* PBXTargetDependency */ = {
			isa = PBXTargetDependency;
			target = D23CBCAF2E635A6D007F5B0A /* DoItAll */;
			targetProxy = D23CBCCD2E635A70007F5B0A /* PBXContainerItemProxy */;
		};
/* End PBXTargetDependency section */

/* Begin XCBuildConfiguration section */
		D23CBCD42E635A70007F5B0A /* Debug */ = {
			isa = XCBuildConfiguration;
			buildSettings = {
				ALWAYS_SEARCH_USER_PATHS = NO;
				ASSETCATALOG_COMPILER_GENERATE_SWIFT_ASSET_SYMBOL_EXTENSIONS = YES;
				CLANG_ANALYZER_NONNULL = YES;
				CLANG_ANALYZER_NUMBER_OBJECT_CONVERSION = YES_AGGRESSIVE;
				CLANG_CXX_LANGUAGE_STANDARD = "gnu++20";
				CLANG_ENABLE_MODULES = YES;
				CLANG_ENABLE_OBJC_ARC = YES;
				CLANG_ENABLE_OBJC_WEAK = YES;
				CLANG_WARN_BLOCK_CAPTURE_AUTORELEASING = YES;
				CLANG_WARN_BOOL_CONVERSION = YES;
				CLANG_WARN_COMMA = YES;
				CLANG_WARN_CONSTANT_CONVERSION = YES;
				CLANG_WARN_DEPRECATED_OBJC_IMPLEMENTATIONS = YES;
				CLANG_WARN_DIRECT_OBJC_ISA_USAGE = YES_ERROR;
				CLANG_WARN_DOCUMENTATION_COMMENTS = YES;
				CLANG_WARN_EMPTY_BODY = YES;
				CLANG_WARN_ENUM_CONVERSION = YES;
				CLANG_WARN_INFINITE_RECURSION = YES;
				CLANG_WARN_INT_CONVERSION = YES;
				CLANG_WARN_NON_LITERAL_NULL_CONVERSION = YES;
				CLANG_WARN_OBJC_IMPLICIT_RETAIN_SELF = YES;
				CLANG_WARN_OBJC_LITERAL_CONVERSION = YES;
				CLANG_WARN_OBJC_ROOT_CLASS = YES_ERROR;
				CLANG_WARN_QUOTED_INCLUDE_IN_FRAMEWORK_HEADER = YES;
				CLANG_WARN_RANGE_LOOP_ANALYSIS = YES;
				CLANG_WARN_STRICT_PROTOTYPES = YES;
				CLANG_WARN_SUSPICIOUS_MOVE = YES;
				CLANG_WARN_UNGUARDED_AVAILABILITY = YES_AGGRESSIVE;
				CLANG_WARN_UNREACHABLE_CODE = YES;
				CLANG_WARN__DUPLICATE_METHOD_MATCH = YES;
				COPY_PHASE_STRIP = NO;
				DEBUG_INFORMATION_FORMAT = dwarf;
				DEVELOPMENT_TEAM = YU65V62LAA;
				ENABLE_STRICT_OBJC_MSGSEND = YES;
				ENABLE_TESTABILITY = YES;
				ENABLE_USER_SCRIPT_SANDBOXING = YES;
				GCC_C_LANGUAGE_STANDARD = gnu17;
				GCC_DYNAMIC_NO_PIC = NO;
				GCC_NO_COMMON_BLOCKS = YES;
				GCC_OPTIMIZATION_LEVEL = 0;
				GCC_PREPROCESSOR_DEFINITIONS = (
					"DEBUG=1",
					"$(inherited)",
				);
				GCC_WARN_64_TO_32_BIT_CONVERSION = YES;
				GCC_WARN_ABOUT_RETURN_TYPE = YES_ERROR;
				GCC_WARN_UNDECLARED_SELECTOR = YES;
				GCC_WARN_UNINITIALIZED_AUTOS = YES_AGGRESSIVE;
				GCC_WARN_UNUSED_FUNCTION = YES;
				GCC_WARN_UNUSED_VARIABLE = YES;
				IPHONEOS_DEPLOYMENT_TARGET = 26.0;
				LOCALIZATION_PREFERS_STRING_CATALOGS = YES;
				MTL_ENABLE_DEBUG_INFO = INCLUDE_SOURCE;
				MTL_FAST_MATH = YES;
				ONLY_ACTIVE_ARCH = YES;
				SDKROOT = iphoneos;
				STRING_CATALOG_GENERATE_SYMBOLS = YES;
				SWIFT_ACTIVE_COMPILATION_CONDITIONS = "DEBUG $(inherited)";
				SWIFT_OPTIMIZATION_LEVEL = "-Onone";
			};
			name = Debug;
		};
		D23CBCD52E635A70007F5B0A /* Release */ = {
			isa = XCBuildConfiguration;
			buildSettings = {
				ALWAYS_SEARCH_USER_PATHS = NO;
				ASSETCATALOG_COMPILER_GENERATE_SWIFT_ASSET_SYMBOL_EXTENSIONS = YES;
				CLANG_ANALYZER_NONNULL = YES;
				CLANG_ANALYZER_NUMBER_OBJECT_CONVERSION = YES_AGGRESSIVE;
				CLANG_CXX_LANGUAGE_STANDARD = "gnu++20";
				CLANG_ENABLE_MODULES = YES;
				CLANG_ENABLE_OBJC_ARC = YES;
				CLANG_ENABLE_OBJC_WEAK = YES;
				CLANG_WARN_BLOCK_CAPTURE_AUTORELEASING = YES;
				CLANG_WARN_BOOL_CONVERSION = YES;
				CLANG_WARN_COMMA = YES;
				CLANG_WARN_CONSTANT_CONVERSION = YES;
				CLANG_WARN_DEPRECATED_OBJC_IMPLEMENTATIONS = YES;
				CLANG_WARN_DIRECT_OBJC_ISA_USAGE = YES_ERROR;
				CLANG_WARN_DOCUMENTATION_COMMENTS = YES;
				CLANG_WARN_EMPTY_BODY = YES;
				CLANG_WARN_ENUM_CONVERSION = YES;
				CLANG_WARN_INFINITE_RECURSION = YES;
				CLANG_WARN_INT_CONVERSION = YES;
				CLANG_WARN_NON_LITERAL_NULL_CONVERSION = YES;
				CLANG_WARN_OBJC_IMPLICIT_RETAIN_SELF = YES;
				CLANG_WARN_OBJC_LITERAL_CONVERSION = YES;
				CLANG_WARN_OBJC_ROOT_CLASS = YES_ERROR;
				CLANG_WARN_QUOTED_INCLUDE_IN_FRAMEWORK_HEADER = YES;
				CLANG_WARN_RANGE_LOOP_ANALYSIS = YES;
				CLANG_WARN_STRICT_PROTOTYPES = YES;
				CLANG_WARN_SUSPICIOUS_MOVE = YES;
				CLANG_WARN_UNGUARDED_AVAILABILITY = YES_AGGRESSIVE;
				CLANG_WARN_UNREACHABLE_CODE = YES;
				CLANG_WARN__DUPLICATE_METHOD_MATCH = YES;
				COPY_PHASE_STRIP = NO;
				DEBUG_INFORMATION_FORMAT = "dwarf-with-dsym";
				DEVELOPMENT_TEAM = YU65V62LAA;
				ENABLE_NS_ASSERTIONS = NO;
				ENABLE_STRICT_OBJC_MSGSEND = YES;
				ENABLE_USER_SCRIPT_SANDBOXING = YES;
				GCC_C_LANGUAGE_STANDARD = gnu17;
				GCC_NO_COMMON_BLOCKS = YES;
				GCC_WARN_64_TO_32_BIT_CONVERSION = YES;
				GCC_WARN_ABOUT_RETURN_TYPE = YES_ERROR;
				GCC_WARN_UNDECLARED_SELECTOR = YES;
				GCC_WARN_UNINITIALIZED_AUTOS = YES_AGGRESSIVE;
				GCC_WARN_UNUSED_FUNCTION = YES;
				GCC_WARN_UNUSED_VARIABLE = YES;
				IPHONEOS_DEPLOYMENT_TARGET = 26.0;
				LOCALIZATION_PREFERS_STRING_CATALOGS = YES;
				MTL_ENABLE_DEBUG_INFO = NO;
				MTL_FAST_MATH = YES;
				SDKROOT = iphoneos;
				STRING_CATALOG_GENERATE_SYMBOLS = YES;
				SWIFT_COMPILATION_MODE = wholemodule;
				VALIDATE_PRODUCT = YES;
			};
			name = Release;
		};
		D23CBCD72E635A70007F5B0A /* Debug */ = {
			isa = XCBuildConfiguration;
			buildSettings = {
				ASSETCATALOG_COMPILER_APPICON_NAME = AppIcon;
				ASSETCATALOG_COMPILER_GLOBAL_ACCENT_COLOR_NAME = AccentColor;
				CODE_SIGN_STYLE = Automatic;
				CURRENT_PROJECT_VERSION = 1;
				DEVELOPMENT_TEAM = YU65V62LAA;
				ENABLE_PREVIEWS = YES;
				GENERATE_INFOPLIST_FILE = YES;
				INFOPLIST_FILE = DoItAll/Info.plist;
				INFOPLIST_KEY_NSFaceIDUsageDescription = "This app needs biometrics to hide/show rows on the main list";
				INFOPLIST_KEY_NSLocationAlwaysAndWhenInUseUsageDescription = "Same as the supermarket for when backgrounded";
				INFOPLIST_KEY_NSLocationWhenInUseUsageDescription = "This app will use the location to determine if the user is close to a supermarket they have chosen";
				INFOPLIST_KEY_NSMicrophoneUsageDescription = "This app uses the microphone to capture voice notes";
				INFOPLIST_KEY_NSPhotoLibraryUsageDescription = "This app uses Apple Music";
				INFOPLIST_KEY_UIApplicationSceneManifest_Generation = YES;
				INFOPLIST_KEY_UIApplicationSupportsIndirectInputEvents = YES;
				INFOPLIST_KEY_UILaunchScreen_Generation = YES;
				INFOPLIST_KEY_UISupportedInterfaceOrientations_iPad = "UIInterfaceOrientationPortrait UIInterfaceOrientationPortraitUpsideDown UIInterfaceOrientationLandscapeLeft UIInterfaceOrientationLandscapeRight";
				INFOPLIST_KEY_UISupportedInterfaceOrientations_iPhone = "UIInterfaceOrientationPortrait UIInterfaceOrientationLandscapeLeft UIInterfaceOrientationLandscapeRight";
				LD_RUNPATH_SEARCH_PATHS = (
					"$(inherited)",
					"@executable_path/Frameworks",
				);
				MARKETING_VERSION = 1.0;
				PRODUCT_BUNDLE_IDENTIFIER = "Marc-Harvey.DoItAll";
				PRODUCT_NAME = "$(TARGET_NAME)";
				SWIFT_EMIT_LOC_STRINGS = YES;
				SWIFT_VERSION = 5.0;
				TARGETED_DEVICE_FAMILY = "1,2";
			};
			name = Debug;
		};
		D23CBCD82E635A70007F5B0A /* Release */ = {
			isa = XCBuildConfiguration;
			buildSettings = {
				ASSETCATALOG_COMPILER_APPICON_NAME = AppIcon;
				ASSETCATALOG_COMPILER_GLOBAL_ACCENT_COLOR_NAME = AccentColor;
				CODE_SIGN_STYLE = Automatic;
				CURRENT_PROJECT_VERSION = 1;
				DEVELOPMENT_TEAM = YU65V62LAA;
				ENABLE_PREVIEWS = YES;
				GENERATE_INFOPLIST_FILE = YES;
				INFOPLIST_FILE = DoItAll/Info.plist;
				INFOPLIST_KEY_NSFaceIDUsageDescription = "This app needs biometrics to hide/show rows on the main list";
				INFOPLIST_KEY_NSLocationAlwaysAndWhenInUseUsageDescription = "Same as the supermarket for when backgrounded";
				INFOPLIST_KEY_NSLocationWhenInUseUsageDescription = "This app will use the location to determine if the user is close to a supermarket they have chosen";
				INFOPLIST_KEY_NSMicrophoneUsageDescription = "This app uses the microphone to capture voice notes";
				INFOPLIST_KEY_NSPhotoLibraryUsageDescription = "This app uses Apple Music";
				INFOPLIST_KEY_UIApplicationSceneManifest_Generation = YES;
				INFOPLIST_KEY_UIApplicationSupportsIndirectInputEvents = YES;
				INFOPLIST_KEY_UILaunchScreen_Generation = YES;
				INFOPLIST_KEY_UISupportedInterfaceOrientations_iPad = "UIInterfaceOrientationPortrait UIInterfaceOrientationPortraitUpsideDown UIInterfaceOrientationLandscapeLeft UIInterfaceOrientationLandscapeRight";
				INFOPLIST_KEY_UISupportedInterfaceOrientations_iPhone = "UIInterfaceOrientationPortrait UIInterfaceOrientationLandscapeLeft UIInterfaceOrientationLandscapeRight";
				LD_RUNPATH_SEARCH_PATHS = (
					"$(inherited)",
					"@executable_path/Frameworks",
				);
				MARKETING_VERSION = 1.0;
				PRODUCT_BUNDLE_IDENTIFIER = "Marc-Harvey.DoItAll";
				PRODUCT_NAME = "$(TARGET_NAME)";
				SWIFT_EMIT_LOC_STRINGS = YES;
				SWIFT_VERSION = 5.0;
				TARGETED_DEVICE_FAMILY = "1,2";
			};
			name = Release;
		};
		D23CBCDA2E635A70007F5B0A /* Debug */ = {
			isa = XCBuildConfiguration;
			buildSettings = {
				BUNDLE_LOADER = "$(TEST_HOST)";
				CODE_SIGN_STYLE = Automatic;
				CURRENT_PROJECT_VERSION = 1;
				DEVELOPMENT_TEAM = YU65V62LAA;
				GENERATE_INFOPLIST_FILE = YES;
				IPHONEOS_DEPLOYMENT_TARGET = 18.5;
				MARKETING_VERSION = 1.0;
				PRODUCT_BUNDLE_IDENTIFIER = "Marc-Harvey.DoItAllTests";
				PRODUCT_NAME = "$(TARGET_NAME)";
				SWIFT_EMIT_LOC_STRINGS = NO;
				SWIFT_VERSION = 5.0;
				TARGETED_DEVICE_FAMILY = "1,2";
				TEST_HOST = "$(BUILT_PRODUCTS_DIR)/DoItAll.app/$(BUNDLE_EXECUTABLE_FOLDER_PATH)/DoItAll";
			};
			name = Debug;
		};
		D23CBCDB2E635A70007F5B0A /* Release */ = {
			isa = XCBuildConfiguration;
			buildSettings = {
				BUNDLE_LOADER = "$(TEST_HOST)";
				CODE_SIGN_STYLE = Automatic;
				CURRENT_PROJECT_VERSION = 1;
				DEVELOPMENT_TEAM = YU65V62LAA;
				GENERATE_INFOPLIST_FILE = YES;
				IPHONEOS_DEPLOYMENT_TARGET = 18.5;
				MARKETING_VERSION = 1.0;
				PRODUCT_BUNDLE_IDENTIFIER = "Marc-Harvey.DoItAllTests";
				PRODUCT_NAME = "$(TARGET_NAME)";
				SWIFT_EMIT_LOC_STRINGS = NO;
				SWIFT_VERSION = 5.0;
				TARGETED_DEVICE_FAMILY = "1,2";
				TEST_HOST = "$(BUILT_PRODUCTS_DIR)/DoItAll.app/$(BUNDLE_EXECUTABLE_FOLDER_PATH)/DoItAll";
			};
			name = Release;
		};
		D23CBCDD2E635A70007F5B0A /* Debug */ = {
			isa = XCBuildConfiguration;
			buildSettings = {
				CODE_SIGN_STYLE = Automatic;
				CURRENT_PROJECT_VERSION = 1;
				DEVELOPMENT_TEAM = YU65V62LAA;
				GENERATE_INFOPLIST_FILE = YES;
				MARKETING_VERSION = 1.0;
				PRODUCT_BUNDLE_IDENTIFIER = "Marc-Harvey.DoItAllUITests";
				PRODUCT_NAME = "$(TARGET_NAME)";
				SWIFT_EMIT_LOC_STRINGS = NO;
				SWIFT_VERSION = 5.0;
				TARGETED_DEVICE_FAMILY = "1,2";
				TEST_TARGET_NAME = DoItAll;
			};
			name = Debug;
		};
		D23CBCDE2E635A70007F5B0A /* Release */ = {
			isa = XCBuildConfiguration;
			buildSettings = {
				CODE_SIGN_STYLE = Automatic;
				CURRENT_PROJECT_VERSION = 1;
				DEVELOPMENT_TEAM = YU65V62LAA;
				GENERATE_INFOPLIST_FILE = YES;
				MARKETING_VERSION = 1.0;
				PRODUCT_BUNDLE_IDENTIFIER = "Marc-Harvey.DoItAllUITests";
				PRODUCT_NAME = "$(TARGET_NAME)";
				SWIFT_EMIT_LOC_STRINGS = NO;
				SWIFT_VERSION = 5.0;
				TARGETED_DEVICE_FAMILY = "1,2";
				TEST_TARGET_NAME = DoItAll;
			};
			name = Release;
		};
/* End XCBuildConfiguration section */

/* Begin XCConfigurationList section */
		D23CBCAB2E635A6D007F5B0A /* Build configuration list for PBXProject "DoItAll" */ = {
			isa = XCConfigurationList;
			buildConfigurations = (
				D23CBCD42E635A70007F5B0A /* Debug */,
				D23CBCD52E635A70007F5B0A /* Release */,
			);
			defaultConfigurationIsVisible = 0;
			defaultConfigurationName = Release;
		};
		D23CBCD62E635A70007F5B0A /* Build configuration list for PBXNativeTarget "DoItAll" */ = {
			isa = XCConfigurationList;
			buildConfigurations = (
				D23CBCD72E635A70007F5B0A /* Debug */,
				D23CBCD82E635A70007F5B0A /* Release */,
			);
			defaultConfigurationIsVisible = 0;
			defaultConfigurationName = Release;
		};
		D23CBCD92E635A70007F5B0A /* Build configuration list for PBXNativeTarget "DoItAllTests" */ = {
			isa = XCConfigurationList;
			buildConfigurations = (
				D23CBCDA2E635A70007F5B0A /* Debug */,
				D23CBCDB2E635A70007F5B0A /* Release */,
			);
			defaultConfigurationIsVisible = 0;
			defaultConfigurationName = Release;
		};
		D23CBCDC2E635A70007F5B0A /* Build configuration list for PBXNativeTarget "DoItAllUITests" */ = {
			isa = XCConfigurationList;
			buildConfigurations = (
				D23CBCDD2E635A70007F5B0A /* Debug */,
				D23CBCDE2E635A70007F5B0A /* Release */,
			);
			defaultConfigurationIsVisible = 0;
			defaultConfigurationName = Release;
		};
/* End XCConfigurationList section */
	};
	rootObject = D23CBCA82E635A6D007F5B0A /* Project object */;
}
